
Microsoft Visual Studio Solution File, Format Version 12.00
# Visual Studio Version 16
VisualStudioVersion = 16.0.29123.88
MinimumVisualStudioVersion = 10.0.40219.1
Project("{888888A0-9F3D-457C-B088-3A5042F75D52}") = "FlaskWebProject1", "FlaskWebProject1.pyproj", "{8DC24C45-6A4F-458B-A014-E1D76CDF43D4}"
EndProject
Global
	GlobalSection(SolutionConfigurationPlatforms) = preSolution
		Debug|Any CPU = Debug|Any CPU
		Release|Any CPU = Release|Any CPU
	EndGlobalSection
	GlobalSection(ProjectConfigurationPlatforms) = postSolution
		{8DC24C45-6A4F-458B-A014-E1D76CDF43D4}.Debug|Any CPU.ActiveCfg = Debug|Any CPU
		{8DC24C45-6A4F-458B-A014-E1D76CDF43D4}.Debug|Any CPU.Build.0 = Debug|Any CPU
		{8DC24C45-6A4F-458B-A014-E1D76CDF43D4}.Release|Any CPU.ActiveCfg = Release|Any CPU
		{8DC24C45-6A4F-458B-A014-E1D76CDF43D4}.Release|Any CPU.Build.0 = Release|Any CPU
	EndGlobalSection
	GlobalSection(SolutionProperties) = preSolution
		HideSolutionNode = FALSE
	EndGlobalSection
	GlobalSection(ExtensibilityGlobals) = postSolution
		SolutionGuid = {FA1652A6-F57D-4768-A55D-9BCF0440F63D}
	EndGlobalSection
EndGlobal
